Microsoft Visual Studio Solution File, Format Version 12.00
# Visual Studio 2012
Project("{FAE04EC0-301F-11D3-BF4B-00C04F79EFBC}") = "ludum-dare-48", "ludum-dare-48.csproj", "{47F79FA0-88A4-49B2-8928-A226344F8D10}"
EndProject
Global
	GlobalSection(SolutionConfigurationPlatforms) = preSolution
	Debug|Any CPU = Debug|Any CPU
	ExportDebug|Any CPU = ExportDebug|Any CPU
	ExportRelease|Any CPU = ExportRelease|Any CPU
	EndGlobalSection
	GlobalSection(ProjectConfigurationPlatforms) = postSolution
		{47F79FA0-88A4-49B2-8928-A226344F8D10}.Debug|Any CPU.ActiveCfg = Debug|Any CPU
		{47F79FA0-88A4-49B2-8928-A226344F8D10}.Debug|Any CPU.Build.0 = Debug|Any CPU
		{47F79FA0-88A4-49B2-8928-A226344F8D10}.ExportDebug|Any CPU.ActiveCfg = ExportDebug|Any CPU
		{47F79FA0-88A4-49B2-8928-A226344F8D10}.ExportDebug|Any CPU.Build.0 = ExportDebug|Any CPU
		{47F79FA0-88A4-49B2-8928-A226344F8D10}.ExportRelease|Any CPU.ActiveCfg = ExportRelease|Any CPU
		{47F79FA0-88A4-49B2-8928-A226344F8D10}.ExportRelease|Any CPU.Build.0 = ExportRelease|Any CPU
	EndGlobalSection
EndGlobal
